{
  "nodes": {
    "nixpkgs": {
      "locked": {
        "lastModified": 1667129554,
        "narHash": "sha256-lQfqOqnNswX8ZTvujdqjo/FroRzopKS+6GQOs6Suwa8=",
        "owner": "NixOS",
        "repo": "nixpkgs",
        "rev": "4a9f9e03fcf2ad79c9383845acb9234e1c56b533",
        "type": "github"
      },
      "original": {
        "owner": "NixOS",
        "repo": "nixpkgs",
        "type": "github"
      }
    },
    "root": {
      "inputs": {
        "nixpkgs": "nixpkgs"
      }
    }
  },
  "root": "root",
  "version": 7
}
